
Microsoft Visual Studio Solution File, Format Version 12.00
# Visual Studio Version 16
VisualStudioVersion = 16.0.30002.166
MinimumVisualStudioVersion = 10.0.40219.1
Project("{9A19103F-16F7-4668-BE54-9A1E7A4F7556}") = "Steelseries.Web.UI.tests", "Steelseries.Web.UI.tests\Steelseries.Web.UI.tests.csproj", "{7C9D03C2-C09F-4F12-82FE-41D3A0D74F15}"
EndProject
Global
	GlobalSection(SolutionConfigurationPlatforms) = preSolution
		Debug|Any CPU = Debug|Any CPU
		Release|Any CPU = Release|Any CPU
	EndGlobalSection
	GlobalSection(ProjectConfigurationPlatforms) = postSolution
		{7C9D03C2-C09F-4F12-82FE-41D3A0D74F15}.Debug|Any CPU.ActiveCfg = Debug|Any CPU
		{7C9D03C2-C09F-4F12-82FE-41D3A0D74F15}.Debug|Any CPU.Build.0 = Debug|Any CPU
		{7C9D03C2-C09F-4F12-82FE-41D3A0D74F15}.Release|Any CPU.ActiveCfg = Release|Any CPU
		{7C9D03C2-C09F-4F12-82FE-41D3A0D74F15}.Release|Any CPU.Build.0 = Release|Any CPU
	EndGlobalSection
	GlobalSection(SolutionProperties) = preSolution
		HideSolutionNode = FALSE
	EndGlobalSection
	GlobalSection(ExtensibilityGlobals) = postSolution
		SolutionGuid = {E8EFEABF-48A7-44CA-81D5-23F954B2D743}
	EndGlobalSection
EndGlobal
